
Microsoft Visual Studio Solution File, Format Version 12.00
# Visual Studio Version 17
VisualStudioVersion = 17.1.32228.430
MinimumVisualStudioVersion = 10.0.40219.1
Project("{FAE04EC0-301F-11D3-BF4B-00C04F79EFBC}") = "CrimeWeb", "CrimeWeb\CrimeWeb.csproj", "{55190D84-7B75-4596-997E-C250873CB028}"
EndProject
Global
	GlobalSection(SolutionConfigurationPlatforms) = preSolution
		Debug|Any CPU = Debug|Any CPU
		Release|Any CPU = Release|Any CPU
	EndGlobalSection
	GlobalSection(ProjectConfigurationPlatforms) = postSolution
		{55190D84-7B75-4596-997E-C250873CB028}.Debug|Any CPU.ActiveCfg = Debug|Any CPU
		{55190D84-7B75-4596-997E-C250873CB028}.Debug|Any CPU.Build.0 = Debug|Any CPU
		{55190D84-7B75-4596-997E-C250873CB028}.Release|Any CPU.ActiveCfg = Release|Any CPU
		{55190D84-7B75-4596-997E-C250873CB028}.Release|Any CPU.Build.0 = Release|Any CPU
	EndGlobalSection
	GlobalSection(SolutionProperties) = preSolution
		HideSolutionNode = FALSE
	EndGlobalSection
	GlobalSection(ExtensibilityGlobals) = postSolution
		SolutionGuid = {F3ABF20B-92DE-49E6-8508-30FB1A004794}
	EndGlobalSection
EndGlobal
